
Microsoft Visual Studio Solution File, Format Version 12.00
# Visual Studio Version 17
VisualStudioVersion = 17.9.34728.123
MinimumVisualStudioVersion = 10.0.40219.1
Project("{9A19103F-16F7-4668-BE54-9A1E7A4F7556}") = "TodoListProject", "TodoListProject.csproj", "{31BAD9DD-405D-4D0A-A7A6-1F7D2190592A}"
EndProject
Global
	GlobalSection(SolutionConfigurationPlatforms) = preSolution
		Debug|Any CPU = Debug|Any CPU
		Release|Any CPU = Release|Any CPU
	EndGlobalSection
	GlobalSection(ProjectConfigurationPlatforms) = postSolution
		{31BAD9DD-405D-4D0A-A7A6-1F7D2190592A}.Debug|Any CPU.ActiveCfg = Debug|Any CPU
		{31BAD9DD-405D-4D0A-A7A6-1F7D2190592A}.Debug|Any CPU.Build.0 = Debug|Any CPU
		{31BAD9DD-405D-4D0A-A7A6-1F7D2190592A}.Release|Any CPU.ActiveCfg = Release|Any CPU
		{31BAD9DD-405D-4D0A-A7A6-1F7D2190592A}.Release|Any CPU.Build.0 = Release|Any CPU
	EndGlobalSection
	GlobalSection(SolutionProperties) = preSolution
		HideSolutionNode = FALSE
	EndGlobalSection
	GlobalSection(ExtensibilityGlobals) = postSolution
		SolutionGuid = {1C7D06F6-63F4-4684-BD81-F58FD926A1EE}
	EndGlobalSection
EndGlobal
